
Microsoft Visual Studio Solution File, Format Version 12.00
# Visual Studio 2015
Project("{FAE04EC0-301F-11D3-BF4B-00C04F79EFBC}") = "SpaceInvaders_Domo.CSharp.Plugins", "SpaceInvaders_Domo.CSharp.Plugins.csproj", "{0C8375AF-F4C6-17F2-5BCC-8F1DBF8318C0}"
EndProject
Project("{FAE04EC0-301F-11D3-BF4B-00C04F79EFBC}") = "SpaceInvaders_Domo.CSharp", "SpaceInvaders_Domo.CSharp.csproj", "{B81702B1-A70B-6C08-5DBA-9F9B41DF3055}"
EndProject
Global
	GlobalSection(SolutionConfigurationPlatforms) = preSolution
		Debug|Any CPU = Debug|Any CPU
		Release|Any CPU = Release|Any CPU
	EndGlobalSection
	GlobalSection(ProjectConfigurationPlatforms) = postSolution
		{0C8375AF-F4C6-17F2-5BCC-8F1DBF8318C0}.Debug|Any CPU.ActiveCfg = Debug|Any CPU
		{0C8375AF-F4C6-17F2-5BCC-8F1DBF8318C0}.Debug|Any CPU.Build.0 = Debug|Any CPU
		{0C8375AF-F4C6-17F2-5BCC-8F1DBF8318C0}.Release|Any CPU.ActiveCfg = Release|Any CPU
		{0C8375AF-F4C6-17F2-5BCC-8F1DBF8318C0}.Release|Any CPU.Build.0 = Release|Any CPU
		{B81702B1-A70B-6C08-5DBA-9F9B41DF3055}.Debug|Any CPU.ActiveCfg = Debug|Any CPU
		{B81702B1-A70B-6C08-5DBA-9F9B41DF3055}.Debug|Any CPU.Build.0 = Debug|Any CPU
		{B81702B1-A70B-6C08-5DBA-9F9B41DF3055}.Release|Any CPU.ActiveCfg = Release|Any CPU
		{B81702B1-A70B-6C08-5DBA-9F9B41DF3055}.Release|Any CPU.Build.0 = Release|Any CPU
	EndGlobalSection
	GlobalSection(SolutionProperties) = preSolution
		HideSolutionNode = FALSE
	EndGlobalSection
EndGlobal
